
Microsoft Visual Studio Solution File, Format Version 12.00
# Visual Studio Version 16
VisualStudioVersion = 16.0.31605.320
MinimumVisualStudioVersion = 10.0.40219.1
Project("{9A19103F-16F7-4668-BE54-9A1E7A4F7556}") = "Api", "Api\Api.csproj", "{AF5C592B-EBEC-45E3-B277-4772996BCBDB}"
EndProject
Project("{9A19103F-16F7-4668-BE54-9A1E7A4F7556}") = "Core", "Core\Core.csproj", "{706449ED-6BB4-4E5B-BAC5-16A405035A5B}"
EndProject
Project("{9A19103F-16F7-4668-BE54-9A1E7A4F7556}") = "Model", "Model\Model.csproj", "{60DC5A92-347F-4011-8DEB-8DF64A7638D8}"
EndProject
Project("{FAE04EC0-301F-11D3-BF4B-00C04F79EFBC}") = "Infrastructure", "Infrastructure\Infrastructure.csproj", "{5C869D2C-659E-4E38-AF9A-0EB0BD876666}"
EndProject
Global
	GlobalSection(SolutionConfigurationPlatforms) = preSolution
		Debug|Any CPU = Debug|Any CPU
		Release|Any CPU = Release|Any CPU
	EndGlobalSection
	GlobalSection(ProjectConfigurationPlatforms) = postSolution
		{AF5C592B-EBEC-45E3-B277-4772996BCBDB}.Debug|Any CPU.ActiveCfg = Debug|Any CPU
		{AF5C592B-EBEC-45E3-B277-4772996BCBDB}.Debug|Any CPU.Build.0 = Debug|Any CPU
		{AF5C592B-EBEC-45E3-B277-4772996BCBDB}.Release|Any CPU.ActiveCfg = Release|Any CPU
		{AF5C592B-EBEC-45E3-B277-4772996BCBDB}.Release|Any CPU.Build.0 = Release|Any CPU
		{706449ED-6BB4-4E5B-BAC5-16A405035A5B}.Debug|Any CPU.ActiveCfg = Debug|Any CPU
		{706449ED-6BB4-4E5B-BAC5-16A405035A5B}.Debug|Any CPU.Build.0 = Debug|Any CPU
		{706449ED-6BB4-4E5B-BAC5-16A405035A5B}.Release|Any CPU.ActiveCfg = Release|Any CPU
		{706449ED-6BB4-4E5B-BAC5-16A405035A5B}.Release|Any CPU.Build.0 = Release|Any CPU
		{60DC5A92-347F-4011-8DEB-8DF64A7638D8}.Debug|Any CPU.ActiveCfg = Debug|Any CPU
		{60DC5A92-347F-4011-8DEB-8DF64A7638D8}.Debug|Any CPU.Build.0 = Debug|Any CPU
		{60DC5A92-347F-4011-8DEB-8DF64A7638D8}.Release|Any CPU.ActiveCfg = Release|Any CPU
		{60DC5A92-347F-4011-8DEB-8DF64A7638D8}.Release|Any CPU.Build.0 = Release|Any CPU
		{5C869D2C-659E-4E38-AF9A-0EB0BD876666}.Debug|Any CPU.ActiveCfg = Debug|Any CPU
		{5C869D2C-659E-4E38-AF9A-0EB0BD876666}.Debug|Any CPU.Build.0 = Debug|Any CPU
		{5C869D2C-659E-4E38-AF9A-0EB0BD876666}.Release|Any CPU.ActiveCfg = Release|Any CPU
		{5C869D2C-659E-4E38-AF9A-0EB0BD876666}.Release|Any CPU.Build.0 = Release|Any CPU
	EndGlobalSection
	GlobalSection(SolutionProperties) = preSolution
		HideSolutionNode = FALSE
	EndGlobalSection
	GlobalSection(ExtensibilityGlobals) = postSolution
		SolutionGuid = {47F937C6-FE2A-4C45-A5A6-C227FE0B46D4}
	EndGlobalSection
EndGlobal
